
Microsoft Visual Studio Solution File, Format Version 12.00
# Visual Studio 15
VisualStudioVersion = 15.0.27130.2020
MinimumVisualStudioVersion = 10.0.40219.1
Project("{FAE04EC0-301F-11D3-BF4B-00C04F79EFBC}") = "SiboAi", "SiboAi\SiboAi.csproj", "{ADADAE4E-E23D-4CF4-88D3-884938A80C08}"
EndProject
Project("{2150E333-8FDC-42A3-9474-1A3956D46DE8}") = "Game learning", "Game learning", "{7AB61A74-7A67-43D7-9777-7BA7AC4EFEA8}"
EndProject
Project("{2150E333-8FDC-42A3-9474-1A3956D46DE8}") = "Other", "Other", "{633741A1-E63E-43DB-9019-AA0618A9FAB6}"
EndProject
Project("{2150E333-8FDC-42A3-9474-1A3956D46DE8}") = "Items", "Items", "{D7FA479B-2979-4FE2-B1A4-CED5B194D445}"
	ProjectSection(SolutionItems) = preProject
		.gitattributes = .gitattributes
		.gitignore = .gitignore
		clean-with-scc.bat = clean-with-scc.bat
	EndProjectSection
EndProject
Project("{FAE04EC0-301F-11D3-BF4B-00C04F79EFBC}") = "Assets", "Assets\Assets.csproj", "{54D9A3D9-1BBC-4EEE-986C-DBAF5A6CD3CC}"
EndProject
Project("{FAE04EC0-301F-11D3-BF4B-00C04F79EFBC}") = "Sandbox", "Sandbox\Sandbox.csproj", "{7969E6B0-FAA9-4F8F-9B23-2B1DCA7D4813}"
EndProject
Project("{FAE04EC0-301F-11D3-BF4B-00C04F79EFBC}") = "AntHillSimulation", "AntHillSimulation\AntHillSimulation.csproj", "{4CB8C7A5-9418-42D1-9953-4893FE36F8EE}"
EndProject
Project("{FAE04EC0-301F-11D3-BF4B-00C04F79EFBC}") = "WebCameraViewer", "WebCameraViewer\WebCameraViewer.csproj", "{DB117BE9-7B33-42E3-B5B3-927823B76E18}"
EndProject
Project("{888888A0-9F3D-457C-B088-3A5042F75D52}") = "PythonSandbox", "PythonSandbox\PythonSandbox.pyproj", "{65C333D1-C232-4BFA-AF59-73D57EF489AD}"
EndProject
Project("{FAE04EC0-301F-11D3-BF4B-00C04F79EFBC}") = "ComListener", "ComListener\ComListener.csproj", "{331B7D2B-F663-422C-AF93-1565305F4930}"
EndProject
Global
	GlobalSection(SolutionConfigurationPlatforms) = preSolution
		Debug|Any CPU = Debug|Any CPU
		Debug|ARM = Debug|ARM
		Debug|x64 = Debug|x64
		Debug|x86 = Debug|x86
		Release|Any CPU = Release|Any CPU
		Release|ARM = Release|ARM
		Release|x64 = Release|x64
		Release|x86 = Release|x86
	EndGlobalSection
	GlobalSection(ProjectConfigurationPlatforms) = postSolution
		{ADADAE4E-E23D-4CF4-88D3-884938A80C08}.Debug|Any CPU.ActiveCfg = Debug|Any CPU
		{ADADAE4E-E23D-4CF4-88D3-884938A80C08}.Debug|Any CPU.Build.0 = Debug|Any CPU
		{ADADAE4E-E23D-4CF4-88D3-884938A80C08}.Debug|ARM.ActiveCfg = Debug|Any CPU
		{ADADAE4E-E23D-4CF4-88D3-884938A80C08}.Debug|ARM.Build.0 = Debug|Any CPU
		{ADADAE4E-E23D-4CF4-88D3-884938A80C08}.Debug|x64.ActiveCfg = Debug|Any CPU
		{ADADAE4E-E23D-4CF4-88D3-884938A80C08}.Debug|x64.Build.0 = Debug|Any CPU
		{ADADAE4E-E23D-4CF4-88D3-884938A80C08}.Debug|x86.ActiveCfg = Debug|Any CPU
		{ADADAE4E-E23D-4CF4-88D3-884938A80C08}.Debug|x86.Build.0 = Debug|Any CPU
		{ADADAE4E-E23D-4CF4-88D3-884938A80C08}.Release|Any CPU.ActiveCfg = Release|Any CPU
		{ADADAE4E-E23D-4CF4-88D3-884938A80C08}.Release|Any CPU.Build.0 = Release|Any CPU
		{ADADAE4E-E23D-4CF4-88D3-884938A80C08}.Release|ARM.ActiveCfg = Release|Any CPU
		{ADADAE4E-E23D-4CF4-88D3-884938A80C08}.Release|ARM.Build.0 = Release|Any CPU
		{ADADAE4E-E23D-4CF4-88D3-884938A80C08}.Release|x64.ActiveCfg = Release|Any CPU
		{ADADAE4E-E23D-4CF4-88D3-884938A80C08}.Release|x64.Build.0 = Release|Any CPU
		{ADADAE4E-E23D-4CF4-88D3-884938A80C08}.Release|x86.ActiveCfg = Release|Any CPU
		{ADADAE4E-E23D-4CF4-88D3-884938A80C08}.Release|x86.Build.0 = Release|Any CPU
		{54D9A3D9-1BBC-4EEE-986C-DBAF5A6CD3CC}.Debug|Any CPU.ActiveCfg = Debug|Any CPU
		{54D9A3D9-1BBC-4EEE-986C-DBAF5A6CD3CC}.Debug|Any CPU.Build.0 = Debug|Any CPU
		{54D9A3D9-1BBC-4EEE-986C-DBAF5A6CD3CC}.Debug|ARM.ActiveCfg = Debug|Any CPU
		{54D9A3D9-1BBC-4EEE-986C-DBAF5A6CD3CC}.Debug|ARM.Build.0 = Debug|Any CPU
		{54D9A3D9-1BBC-4EEE-986C-DBAF5A6CD3CC}.Debug|x64.ActiveCfg = Debug|Any CPU
		{54D9A3D9-1BBC-4EEE-986C-DBAF5A6CD3CC}.Debug|x64.Build.0 = Debug|Any CPU
		{54D9A3D9-1BBC-4EEE-986C-DBAF5A6CD3CC}.Debug|x86.ActiveCfg = Debug|Any CPU
		{54D9A3D9-1BBC-4EEE-986C-DBAF5A6CD3CC}.Debug|x86.Build.0 = Debug|Any CPU
		{54D9A3D9-1BBC-4EEE-986C-DBAF5A6CD3CC}.Release|Any CPU.ActiveCfg = Release|Any CPU
		{54D9A3D9-1BBC-4EEE-986C-DBAF5A6CD3CC}.Release|Any CPU.Build.0 = Release|Any CPU
		{54D9A3D9-1BBC-4EEE-986C-DBAF5A6CD3CC}.Release|ARM.ActiveCfg = Release|Any CPU
		{54D9A3D9-1BBC-4EEE-986C-DBAF5A6CD3CC}.Release|ARM.Build.0 = Release|Any CPU
		{54D9A3D9-1BBC-4EEE-986C-DBAF5A6CD3CC}.Release|x64.ActiveCfg = Release|Any CPU
		{54D9A3D9-1BBC-4EEE-986C-DBAF5A6CD3CC}.Release|x64.Build.0 = Release|Any CPU
		{54D9A3D9-1BBC-4EEE-986C-DBAF5A6CD3CC}.Release|x86.ActiveCfg = Release|Any CPU
		{54D9A3D9-1BBC-4EEE-986C-DBAF5A6CD3CC}.Release|x86.Build.0 = Release|Any CPU
		{7969E6B0-FAA9-4F8F-9B23-2B1DCA7D4813}.Debug|Any CPU.ActiveCfg = Debug|Any CPU
		{7969E6B0-FAA9-4F8F-9B23-2B1DCA7D4813}.Debug|Any CPU.Build.0 = Debug|Any CPU
		{7969E6B0-FAA9-4F8F-9B23-2B1DCA7D4813}.Debug|ARM.ActiveCfg = Debug|Any CPU
		{7969E6B0-FAA9-4F8F-9B23-2B1DCA7D4813}.Debug|ARM.Build.0 = Debug|Any CPU
		{7969E6B0-FAA9-4F8F-9B23-2B1DCA7D4813}.Debug|x64.ActiveCfg = Debug|Any CPU
		{7969E6B0-FAA9-4F8F-9B23-2B1DCA7D4813}.Debug|x64.Build.0 = Debug|Any CPU
		{7969E6B0-FAA9-4F8F-9B23-2B1DCA7D4813}.Debug|x86.ActiveCfg = Debug|Any CPU
		{7969E6B0-FAA9-4F8F-9B23-2B1DCA7D4813}.Debug|x86.Build.0 = Debug|Any CPU
		{7969E6B0-FAA9-4F8F-9B23-2B1DCA7D4813}.Release|Any CPU.ActiveCfg = Release|Any CPU
		{7969E6B0-FAA9-4F8F-9B23-2B1DCA7D4813}.Release|Any CPU.Build.0 = Release|Any CPU
		{7969E6B0-FAA9-4F8F-9B23-2B1DCA7D4813}.Release|ARM.ActiveCfg = Release|Any CPU
		{7969E6B0-FAA9-4F8F-9B23-2B1DCA7D4813}.Release|ARM.Build.0 = Release|Any CPU
		{7969E6B0-FAA9-4F8F-9B23-2B1DCA7D4813}.Release|x64.ActiveCfg = Release|Any CPU
		{7969E6B0-FAA9-4F8F-9B23-2B1DCA7D4813}.Release|x64.Build.0 = Release|Any CPU
		{7969E6B0-FAA9-4F8F-9B23-2B1DCA7D4813}.Release|x86.ActiveCfg = Release|Any CPU
		{7969E6B0-FAA9-4F8F-9B23-2B1DCA7D4813}.Release|x86.Build.0 = Release|Any CPU
		{4CB8C7A5-9418-42D1-9953-4893FE36F8EE}.Debug|Any CPU.ActiveCfg = Debug|Any CPU
		{4CB8C7A5-9418-42D1-9953-4893FE36F8EE}.Debug|Any CPU.Build.0 = Debug|Any CPU
		{4CB8C7A5-9418-42D1-9953-4893FE36F8EE}.Debug|ARM.ActiveCfg = Debug|Any CPU
		{4CB8C7A5-9418-42D1-9953-4893FE36F8EE}.Debug|ARM.Build.0 = Debug|Any CPU
		{4CB8C7A5-9418-42D1-9953-4893FE36F8EE}.Debug|x64.ActiveCfg = Debug|Any CPU
		{4CB8C7A5-9418-42D1-9953-4893FE36F8EE}.Debug|x64.Build.0 = Debug|Any CPU
		{4CB8C7A5-9418-42D1-9953-4893FE36F8EE}.Debug|x86.ActiveCfg = Debug|Any CPU
		{4CB8C7A5-9418-42D1-9953-4893FE36F8EE}.Debug|x86.Build.0 = Debug|Any CPU
		{4CB8C7A5-9418-42D1-9953-4893FE36F8EE}.Release|Any CPU.ActiveCfg = Release|Any CPU
		{4CB8C7A5-9418-42D1-9953-4893FE36F8EE}.Release|Any CPU.Build.0 = Release|Any CPU
		{4CB8C7A5-9418-42D1-9953-4893FE36F8EE}.Release|ARM.ActiveCfg = Release|Any CPU
		{4CB8C7A5-9418-42D1-9953-4893FE36F8EE}.Release|ARM.Build.0 = Release|Any CPU
		{4CB8C7A5-9418-42D1-9953-4893FE36F8EE}.Release|x64.ActiveCfg = Release|Any CPU
		{4CB8C7A5-9418-42D1-9953-4893FE36F8EE}.Release|x64.Build.0 = Release|Any CPU
		{4CB8C7A5-9418-42D1-9953-4893FE36F8EE}.Release|x86.ActiveCfg = Release|Any CPU
		{4CB8C7A5-9418-42D1-9953-4893FE36F8EE}.Release|x86.Build.0 = Release|Any CPU
		{DB117BE9-7B33-42E3-B5B3-927823B76E18}.Debug|Any CPU.ActiveCfg = Debug|Any CPU
		{DB117BE9-7B33-42E3-B5B3-927823B76E18}.Debug|Any CPU.Build.0 = Debug|Any CPU
		{DB117BE9-7B33-42E3-B5B3-927823B76E18}.Debug|ARM.ActiveCfg = Debug|Any CPU
		{DB117BE9-7B33-42E3-B5B3-927823B76E18}.Debug|ARM.Build.0 = Debug|Any CPU
		{DB117BE9-7B33-42E3-B5B3-927823B76E18}.Debug|x64.ActiveCfg = Debug|Any CPU
		{DB117BE9-7B33-42E3-B5B3-927823B76E18}.Debug|x64.Build.0 = Debug|Any CPU
		{DB117BE9-7B33-42E3-B5B3-927823B76E18}.Debug|x86.ActiveCfg = Debug|Any CPU
		{DB117BE9-7B33-42E3-B5B3-927823B76E18}.Debug|x86.Build.0 = Debug|Any CPU
		{DB117BE9-7B33-42E3-B5B3-927823B76E18}.Release|Any CPU.ActiveCfg = Release|Any CPU
		{DB117BE9-7B33-42E3-B5B3-927823B76E18}.Release|Any CPU.Build.0 = Release|Any CPU
		{DB117BE9-7B33-42E3-B5B3-927823B76E18}.Release|ARM.ActiveCfg = Release|Any CPU
		{DB117BE9-7B33-42E3-B5B3-927823B76E18}.Release|ARM.Build.0 = Release|Any CPU
		{DB117BE9-7B33-42E3-B5B3-927823B76E18}.Release|x64.ActiveCfg = Release|Any CPU
		{DB117BE9-7B33-42E3-B5B3-927823B76E18}.Release|x64.Build.0 = Release|Any CPU
		{DB117BE9-7B33-42E3-B5B3-927823B76E18}.Release|x86.ActiveCfg = Release|Any CPU
		{DB117BE9-7B33-42E3-B5B3-927823B76E18}.Release|x86.Build.0 = Release|Any CPU
		{65C333D1-C232-4BFA-AF59-73D57EF489AD}.Debug|Any CPU.ActiveCfg = Debug|Any CPU
		{65C333D1-C232-4BFA-AF59-73D57EF489AD}.Debug|ARM.ActiveCfg = Debug|Any CPU
		{65C333D1-C232-4BFA-AF59-73D57EF489AD}.Debug|x64.ActiveCfg = Debug|Any CPU
		{65C333D1-C232-4BFA-AF59-73D57EF489AD}.Debug|x86.ActiveCfg = Debug|Any CPU
		{65C333D1-C232-4BFA-AF59-73D57EF489AD}.Release|Any CPU.ActiveCfg = Release|Any CPU
		{65C333D1-C232-4BFA-AF59-73D57EF489AD}.Release|ARM.ActiveCfg = Release|Any CPU
		{65C333D1-C232-4BFA-AF59-73D57EF489AD}.Release|x64.ActiveCfg = Release|Any CPU
		{65C333D1-C232-4BFA-AF59-73D57EF489AD}.Release|x86.ActiveCfg = Release|Any CPU
		{331B7D2B-F663-422C-AF93-1565305F4930}.Debug|Any CPU.ActiveCfg = Debug|Any CPU
		{331B7D2B-F663-422C-AF93-1565305F4930}.Debug|Any CPU.Build.0 = Debug|Any CPU
		{331B7D2B-F663-422C-AF93-1565305F4930}.Debug|ARM.ActiveCfg = Debug|Any CPU
		{331B7D2B-F663-422C-AF93-1565305F4930}.Debug|ARM.Build.0 = Debug|Any CPU
		{331B7D2B-F663-422C-AF93-1565305F4930}.Debug|x64.ActiveCfg = Debug|Any CPU
		{331B7D2B-F663-422C-AF93-1565305F4930}.Debug|x64.Build.0 = Debug|Any CPU
		{331B7D2B-F663-422C-AF93-1565305F4930}.Debug|x86.ActiveCfg = Debug|Any CPU
		{331B7D2B-F663-422C-AF93-1565305F4930}.Debug|x86.Build.0 = Debug|Any CPU
		{331B7D2B-F663-422C-AF93-1565305F4930}.Release|Any CPU.ActiveCfg = Release|Any CPU
		{331B7D2B-F663-422C-AF93-1565305F4930}.Release|Any CPU.Build.0 = Release|Any CPU
		{331B7D2B-F663-422C-AF93-1565305F4930}.Release|ARM.ActiveCfg = Release|Any CPU
		{331B7D2B-F663-422C-AF93-1565305F4930}.Release|ARM.Build.0 = Release|Any CPU
		{331B7D2B-F663-422C-AF93-1565305F4930}.Release|x64.ActiveCfg = Release|Any CPU
		{331B7D2B-F663-422C-AF93-1565305F4930}.Release|x64.Build.0 = Release|Any CPU
		{331B7D2B-F663-422C-AF93-1565305F4930}.Release|x86.ActiveCfg = Release|Any CPU
		{331B7D2B-F663-422C-AF93-1565305F4930}.Release|x86.Build.0 = Release|Any CPU
	EndGlobalSection
	GlobalSection(SolutionProperties) = preSolution
		HideSolutionNode = FALSE
	EndGlobalSection
	GlobalSection(NestedProjects) = preSolution
		{ADADAE4E-E23D-4CF4-88D3-884938A80C08} = {633741A1-E63E-43DB-9019-AA0618A9FAB6}
		{54D9A3D9-1BBC-4EEE-986C-DBAF5A6CD3CC} = {7AB61A74-7A67-43D7-9777-7BA7AC4EFEA8}
		{4CB8C7A5-9418-42D1-9953-4893FE36F8EE} = {7AB61A74-7A67-43D7-9777-7BA7AC4EFEA8}
		{DB117BE9-7B33-42E3-B5B3-927823B76E18} = {633741A1-E63E-43DB-9019-AA0618A9FAB6}
		{65C333D1-C232-4BFA-AF59-73D57EF489AD} = {633741A1-E63E-43DB-9019-AA0618A9FAB6}
		{331B7D2B-F663-422C-AF93-1565305F4930} = {633741A1-E63E-43DB-9019-AA0618A9FAB6}
	EndGlobalSection
	GlobalSection(ExtensibilityGlobals) = postSolution
		SolutionGuid = {5D4828BD-1A33-4FBD-A82D-223218A31D46}
	EndGlobalSection
EndGlobal
