
Microsoft Visual Studio Solution File, Format Version 12.00
# Visual Studio 15
VisualStudioVersion = 15.0.26430.16
MinimumVisualStudioVersion = 10.0.40219.1
Project("{FAE04EC0-301F-11D3-BF4B-00C04F79EFBC}") = "BasicArduinoCommunications", "BasicArduinoCommunications\BasicArduinoCommunications.csproj", "{74E83EB9-82FC-489E-A5C9-035B31DAF3A8}"
EndProject
Project("{2150E333-8FDC-42A3-9474-1A3956D46DE8}") = "Hardware", "Hardware", "{283BB158-5122-4024-8971-03AFBF6872B0}"
EndProject
Project("{FAE04EC0-301F-11D3-BF4B-00C04F79EFBC}") = "SiboAi", "SiboAi\SiboAi.csproj", "{ADADAE4E-E23D-4CF4-88D3-884938A80C08}"
EndProject
Project("{2150E333-8FDC-42A3-9474-1A3956D46DE8}") = "Game learning", "Game learning", "{7AB61A74-7A67-43D7-9777-7BA7AC4EFEA8}"
EndProject
Project("{2150E333-8FDC-42A3-9474-1A3956D46DE8}") = "Other", "Other", "{633741A1-E63E-43DB-9019-AA0618A9FAB6}"
EndProject
Project("{2150E333-8FDC-42A3-9474-1A3956D46DE8}") = "Items", "Items", "{D7FA479B-2979-4FE2-B1A4-CED5B194D445}"
	ProjectSection(SolutionItems) = preProject
		.gitattributes = .gitattributes
		.gitignore = .gitignore
		clean-with-scc.bat = clean-with-scc.bat
	EndProjectSection
EndProject
Project("{FAE04EC0-301F-11D3-BF4B-00C04F79EFBC}") = "Assets", "Assets\Assets.csproj", "{54D9A3D9-1BBC-4EEE-986C-DBAF5A6CD3CC}"
EndProject
Project("{FAE04EC0-301F-11D3-BF4B-00C04F79EFBC}") = "Sandbox", "Sandbox\Sandbox.csproj", "{7969E6B0-FAA9-4F8F-9B23-2B1DCA7D4813}"
EndProject
Project("{FAE04EC0-301F-11D3-BF4B-00C04F79EFBC}") = "AntHillSimulation", "AntHillSimulation\AntHillSimulation.csproj", "{4CB8C7A5-9418-42D1-9953-4893FE36F8EE}"
EndProject
Project("{FAE04EC0-301F-11D3-BF4B-00C04F79EFBC}") = "WebCameraViewer", "WebCameraViewer\WebCameraViewer.csproj", "{DB117BE9-7B33-42E3-B5B3-927823B76E18}"
EndProject
Project("{2150E333-8FDC-42A3-9474-1A3956D46DE8}") = "AForge", "AForge", "{F9E1B467-A51B-4B31-8929-70694D03106B}"
EndProject
Project("{2150E333-8FDC-42A3-9474-1A3956D46DE8}") = "Docs", "Docs", "{059BDE1C-80B4-47BE-8ECB-C813BB41A1F2}"
	ProjectSection(SolutionItems) = preProject
		AForge\Docs\AForge.Core.chm = AForge\Docs\AForge.Core.chm
		AForge\Docs\AForge.Neuro.chm = AForge\Docs\AForge.Neuro.chm
	EndProjectSection
EndProject
Project("{2150E333-8FDC-42A3-9474-1A3956D46DE8}") = "Release", "Release", "{A2E26791-A327-4BCE-B291-AC3F02A16085}"
	ProjectSection(SolutionItems) = preProject
		AForge\Release\AForge.Controls.dll = AForge\Release\AForge.Controls.dll
		AForge\Release\AForge.dll = AForge\Release\AForge.dll
		AForge\Release\AForge.Neuro.dll = AForge\Release\AForge.Neuro.dll
	EndProjectSection
EndProject
Project("{2150E333-8FDC-42A3-9474-1A3956D46DE8}") = "Samples", "Samples", "{14D39D1F-344B-4036-BA84-68ABD6311A9D}"
EndProject
Project("{2150E333-8FDC-42A3-9474-1A3956D46DE8}") = "Sources", "Sources", "{B1197AF9-5F80-45F8-AAC1-3B8BC884ED4B}"
EndProject
Project("{FAE04EC0-301F-11D3-BF4B-00C04F79EFBC}") = "Controls", "AForge\Sources\Controls\Controls.csproj", "{D08F6D8A-A5F5-49C3-B607-526D9EE0DEE3}"
EndProject
Project("{FAE04EC0-301F-11D3-BF4B-00C04F79EFBC}") = "Core", "AForge\Sources\Core\Core.csproj", "{BFAF50DC-4942-46B8-8615-2A0B4CF08AD2}"
EndProject
Project("{FAE04EC0-301F-11D3-BF4B-00C04F79EFBC}") = "Neuro", "AForge\Sources\Neuro\Neuro.csproj", "{53B51230-2CD7-435B-8677-A3E24D134CD8}"
EndProject
Project("{2150E333-8FDC-42A3-9474-1A3956D46DE8}") = "Back propagation", "Back propagation", "{5AB8B533-FFEF-4523-B3F7-9F08D97BBAE6}"
EndProject
Project("{2150E333-8FDC-42A3-9474-1A3956D46DE8}") = "Simple", "Simple", "{106DDD7C-B6BA-44F8-9B07-BAFDE65F25D1}"
EndProject
Project("{2150E333-8FDC-42A3-9474-1A3956D46DE8}") = "SOM", "SOM", "{D2714B1C-703E-4059-9FDE-BD5AC8717C75}"
EndProject
Project("{FAE04EC0-301F-11D3-BF4B-00C04F79EFBC}") = "Approximation", "AForge\Samples\Back propagation\Approximation\Approximation.csproj", "{1A7BCB9F-5DD2-4C16-9969-88C31720865F}"
EndProject
Project("{FAE04EC0-301F-11D3-BF4B-00C04F79EFBC}") = "TimeSeries", "AForge\Samples\Back propagation\TimeSeries\TimeSeries.csproj", "{2DEF9F9D-DED2-4572-881D-6E018AEE957F}"
EndProject
Project("{FAE04EC0-301F-11D3-BF4B-00C04F79EFBC}") = "XORProblem", "AForge\Samples\Back propagation\XORProblem\XORProblem.csproj", "{527BB23D-A674-4147-B58D-DCC894737140}"
EndProject
Project("{FAE04EC0-301F-11D3-BF4B-00C04F79EFBC}") = "Classifier", "AForge\Samples\Simple\Delta Rule Learning\Classifier.csproj", "{22245733-2B6B-4BA6-B10B-016061B21DF1}"
EndProject
Project("{FAE04EC0-301F-11D3-BF4B-00C04F79EFBC}") = "PerceptronClassifier", "AForge\Samples\Simple\PerceptronClassifier\PerceptronClassifier.csproj", "{531E8C46-6FA1-4B25-AF6F-10BB9FF7326D}"
EndProject
Project("{FAE04EC0-301F-11D3-BF4B-00C04F79EFBC}") = "OneLayerPerceptronClassifier", "AForge\Samples\Simple\OneLayerPerceptronClassifier\OneLayerPerceptronClassifier.csproj", "{765D49C5-D157-4482-9E42-CE93D83F9AD1}"
EndProject
Project("{FAE04EC0-301F-11D3-BF4B-00C04F79EFBC}") = "2DOrganizing", "AForge\Samples\SOM\2DOrganizing\2DOrganizing.csproj", "{C646B987-EA7E-4D82-A930-448DE583FEB3}"
EndProject
Project("{FAE04EC0-301F-11D3-BF4B-00C04F79EFBC}") = "Color", "AForge\Samples\SOM\Color\Color.csproj", "{59E2469C-197F-4A4C-9D52-AA58EA49927E}"
EndProject
Project("{FAE04EC0-301F-11D3-BF4B-00C04F79EFBC}") = "TSP", "AForge\Samples\SOM\TSP\TSP.csproj", "{6FA77B7F-E933-4B25-AC4C-99E343B35AC8}"
EndProject
Global
	GlobalSection(SolutionConfigurationPlatforms) = preSolution
		Debug|Any CPU = Debug|Any CPU
		Release|Any CPU = Release|Any CPU
	EndGlobalSection
	GlobalSection(ProjectConfigurationPlatforms) = postSolution
		{74E83EB9-82FC-489E-A5C9-035B31DAF3A8}.Debug|Any CPU.ActiveCfg = Debug|Any CPU
		{74E83EB9-82FC-489E-A5C9-035B31DAF3A8}.Debug|Any CPU.Build.0 = Debug|Any CPU
		{74E83EB9-82FC-489E-A5C9-035B31DAF3A8}.Release|Any CPU.ActiveCfg = Release|Any CPU
		{74E83EB9-82FC-489E-A5C9-035B31DAF3A8}.Release|Any CPU.Build.0 = Release|Any CPU
		{ADADAE4E-E23D-4CF4-88D3-884938A80C08}.Debug|Any CPU.ActiveCfg = Debug|Any CPU
		{ADADAE4E-E23D-4CF4-88D3-884938A80C08}.Debug|Any CPU.Build.0 = Debug|Any CPU
		{ADADAE4E-E23D-4CF4-88D3-884938A80C08}.Release|Any CPU.ActiveCfg = Release|Any CPU
		{ADADAE4E-E23D-4CF4-88D3-884938A80C08}.Release|Any CPU.Build.0 = Release|Any CPU
		{54D9A3D9-1BBC-4EEE-986C-DBAF5A6CD3CC}.Debug|Any CPU.ActiveCfg = Debug|Any CPU
		{54D9A3D9-1BBC-4EEE-986C-DBAF5A6CD3CC}.Debug|Any CPU.Build.0 = Debug|Any CPU
		{54D9A3D9-1BBC-4EEE-986C-DBAF5A6CD3CC}.Release|Any CPU.ActiveCfg = Release|Any CPU
		{54D9A3D9-1BBC-4EEE-986C-DBAF5A6CD3CC}.Release|Any CPU.Build.0 = Release|Any CPU
		{7969E6B0-FAA9-4F8F-9B23-2B1DCA7D4813}.Debug|Any CPU.ActiveCfg = Debug|Any CPU
		{7969E6B0-FAA9-4F8F-9B23-2B1DCA7D4813}.Debug|Any CPU.Build.0 = Debug|Any CPU
		{7969E6B0-FAA9-4F8F-9B23-2B1DCA7D4813}.Release|Any CPU.ActiveCfg = Release|Any CPU
		{7969E6B0-FAA9-4F8F-9B23-2B1DCA7D4813}.Release|Any CPU.Build.0 = Release|Any CPU
		{4CB8C7A5-9418-42D1-9953-4893FE36F8EE}.Debug|Any CPU.ActiveCfg = Debug|Any CPU
		{4CB8C7A5-9418-42D1-9953-4893FE36F8EE}.Debug|Any CPU.Build.0 = Debug|Any CPU
		{4CB8C7A5-9418-42D1-9953-4893FE36F8EE}.Release|Any CPU.ActiveCfg = Release|Any CPU
		{4CB8C7A5-9418-42D1-9953-4893FE36F8EE}.Release|Any CPU.Build.0 = Release|Any CPU
		{DB117BE9-7B33-42E3-B5B3-927823B76E18}.Debug|Any CPU.ActiveCfg = Debug|Any CPU
		{DB117BE9-7B33-42E3-B5B3-927823B76E18}.Debug|Any CPU.Build.0 = Debug|Any CPU
		{DB117BE9-7B33-42E3-B5B3-927823B76E18}.Release|Any CPU.ActiveCfg = Release|Any CPU
		{DB117BE9-7B33-42E3-B5B3-927823B76E18}.Release|Any CPU.Build.0 = Release|Any CPU
		{D08F6D8A-A5F5-49C3-B607-526D9EE0DEE3}.Debug|Any CPU.ActiveCfg = Debug|Any CPU
		{D08F6D8A-A5F5-49C3-B607-526D9EE0DEE3}.Debug|Any CPU.Build.0 = Debug|Any CPU
		{D08F6D8A-A5F5-49C3-B607-526D9EE0DEE3}.Release|Any CPU.ActiveCfg = Release|Any CPU
		{D08F6D8A-A5F5-49C3-B607-526D9EE0DEE3}.Release|Any CPU.Build.0 = Release|Any CPU
		{BFAF50DC-4942-46B8-8615-2A0B4CF08AD2}.Debug|Any CPU.ActiveCfg = Debug|Any CPU
		{BFAF50DC-4942-46B8-8615-2A0B4CF08AD2}.Debug|Any CPU.Build.0 = Debug|Any CPU
		{BFAF50DC-4942-46B8-8615-2A0B4CF08AD2}.Release|Any CPU.ActiveCfg = Release|Any CPU
		{BFAF50DC-4942-46B8-8615-2A0B4CF08AD2}.Release|Any CPU.Build.0 = Release|Any CPU
		{53B51230-2CD7-435B-8677-A3E24D134CD8}.Debug|Any CPU.ActiveCfg = Debug|Any CPU
		{53B51230-2CD7-435B-8677-A3E24D134CD8}.Debug|Any CPU.Build.0 = Debug|Any CPU
		{53B51230-2CD7-435B-8677-A3E24D134CD8}.Release|Any CPU.ActiveCfg = Release|Any CPU
		{53B51230-2CD7-435B-8677-A3E24D134CD8}.Release|Any CPU.Build.0 = Release|Any CPU
		{1A7BCB9F-5DD2-4C16-9969-88C31720865F}.Debug|Any CPU.ActiveCfg = Debug|Any CPU
		{1A7BCB9F-5DD2-4C16-9969-88C31720865F}.Debug|Any CPU.Build.0 = Debug|Any CPU
		{1A7BCB9F-5DD2-4C16-9969-88C31720865F}.Release|Any CPU.ActiveCfg = Release|Any CPU
		{1A7BCB9F-5DD2-4C16-9969-88C31720865F}.Release|Any CPU.Build.0 = Release|Any CPU
		{2DEF9F9D-DED2-4572-881D-6E018AEE957F}.Debug|Any CPU.ActiveCfg = Debug|Any CPU
		{2DEF9F9D-DED2-4572-881D-6E018AEE957F}.Debug|Any CPU.Build.0 = Debug|Any CPU
		{2DEF9F9D-DED2-4572-881D-6E018AEE957F}.Release|Any CPU.ActiveCfg = Release|Any CPU
		{2DEF9F9D-DED2-4572-881D-6E018AEE957F}.Release|Any CPU.Build.0 = Release|Any CPU
		{527BB23D-A674-4147-B58D-DCC894737140}.Debug|Any CPU.ActiveCfg = Debug|Any CPU
		{527BB23D-A674-4147-B58D-DCC894737140}.Debug|Any CPU.Build.0 = Debug|Any CPU
		{527BB23D-A674-4147-B58D-DCC894737140}.Release|Any CPU.ActiveCfg = Release|Any CPU
		{527BB23D-A674-4147-B58D-DCC894737140}.Release|Any CPU.Build.0 = Release|Any CPU
		{22245733-2B6B-4BA6-B10B-016061B21DF1}.Debug|Any CPU.ActiveCfg = Debug|Any CPU
		{22245733-2B6B-4BA6-B10B-016061B21DF1}.Debug|Any CPU.Build.0 = Debug|Any CPU
		{22245733-2B6B-4BA6-B10B-016061B21DF1}.Release|Any CPU.ActiveCfg = Release|Any CPU
		{22245733-2B6B-4BA6-B10B-016061B21DF1}.Release|Any CPU.Build.0 = Release|Any CPU
		{531E8C46-6FA1-4B25-AF6F-10BB9FF7326D}.Debug|Any CPU.ActiveCfg = Debug|Any CPU
		{531E8C46-6FA1-4B25-AF6F-10BB9FF7326D}.Debug|Any CPU.Build.0 = Debug|Any CPU
		{531E8C46-6FA1-4B25-AF6F-10BB9FF7326D}.Release|Any CPU.ActiveCfg = Release|Any CPU
		{531E8C46-6FA1-4B25-AF6F-10BB9FF7326D}.Release|Any CPU.Build.0 = Release|Any CPU
		{765D49C5-D157-4482-9E42-CE93D83F9AD1}.Debug|Any CPU.ActiveCfg = Debug|Any CPU
		{765D49C5-D157-4482-9E42-CE93D83F9AD1}.Debug|Any CPU.Build.0 = Debug|Any CPU
		{765D49C5-D157-4482-9E42-CE93D83F9AD1}.Release|Any CPU.ActiveCfg = Release|Any CPU
		{765D49C5-D157-4482-9E42-CE93D83F9AD1}.Release|Any CPU.Build.0 = Release|Any CPU
		{C646B987-EA7E-4D82-A930-448DE583FEB3}.Debug|Any CPU.ActiveCfg = Debug|Any CPU
		{C646B987-EA7E-4D82-A930-448DE583FEB3}.Debug|Any CPU.Build.0 = Debug|Any CPU
		{C646B987-EA7E-4D82-A930-448DE583FEB3}.Release|Any CPU.ActiveCfg = Release|Any CPU
		{C646B987-EA7E-4D82-A930-448DE583FEB3}.Release|Any CPU.Build.0 = Release|Any CPU
		{59E2469C-197F-4A4C-9D52-AA58EA49927E}.Debug|Any CPU.ActiveCfg = Debug|Any CPU
		{59E2469C-197F-4A4C-9D52-AA58EA49927E}.Debug|Any CPU.Build.0 = Debug|Any CPU
		{59E2469C-197F-4A4C-9D52-AA58EA49927E}.Release|Any CPU.ActiveCfg = Release|Any CPU
		{59E2469C-197F-4A4C-9D52-AA58EA49927E}.Release|Any CPU.Build.0 = Release|Any CPU
		{6FA77B7F-E933-4B25-AC4C-99E343B35AC8}.Debug|Any CPU.ActiveCfg = Debug|Any CPU
		{6FA77B7F-E933-4B25-AC4C-99E343B35AC8}.Debug|Any CPU.Build.0 = Debug|Any CPU
		{6FA77B7F-E933-4B25-AC4C-99E343B35AC8}.Release|Any CPU.ActiveCfg = Release|Any CPU
		{6FA77B7F-E933-4B25-AC4C-99E343B35AC8}.Release|Any CPU.Build.0 = Release|Any CPU
	EndGlobalSection
	GlobalSection(SolutionProperties) = preSolution
		HideSolutionNode = FALSE
	EndGlobalSection
	GlobalSection(NestedProjects) = preSolution
		{74E83EB9-82FC-489E-A5C9-035B31DAF3A8} = {283BB158-5122-4024-8971-03AFBF6872B0}
		{54D9A3D9-1BBC-4EEE-986C-DBAF5A6CD3CC} = {7AB61A74-7A67-43D7-9777-7BA7AC4EFEA8}
		{7969E6B0-FAA9-4F8F-9B23-2B1DCA7D4813} = {633741A1-E63E-43DB-9019-AA0618A9FAB6}
		{4CB8C7A5-9418-42D1-9953-4893FE36F8EE} = {7AB61A74-7A67-43D7-9777-7BA7AC4EFEA8}
		{DB117BE9-7B33-42E3-B5B3-927823B76E18} = {633741A1-E63E-43DB-9019-AA0618A9FAB6}
		{059BDE1C-80B4-47BE-8ECB-C813BB41A1F2} = {F9E1B467-A51B-4B31-8929-70694D03106B}
		{A2E26791-A327-4BCE-B291-AC3F02A16085} = {F9E1B467-A51B-4B31-8929-70694D03106B}
		{14D39D1F-344B-4036-BA84-68ABD6311A9D} = {F9E1B467-A51B-4B31-8929-70694D03106B}
		{B1197AF9-5F80-45F8-AAC1-3B8BC884ED4B} = {F9E1B467-A51B-4B31-8929-70694D03106B}
		{D08F6D8A-A5F5-49C3-B607-526D9EE0DEE3} = {B1197AF9-5F80-45F8-AAC1-3B8BC884ED4B}
		{BFAF50DC-4942-46B8-8615-2A0B4CF08AD2} = {B1197AF9-5F80-45F8-AAC1-3B8BC884ED4B}
		{53B51230-2CD7-435B-8677-A3E24D134CD8} = {B1197AF9-5F80-45F8-AAC1-3B8BC884ED4B}
		{5AB8B533-FFEF-4523-B3F7-9F08D97BBAE6} = {14D39D1F-344B-4036-BA84-68ABD6311A9D}
		{106DDD7C-B6BA-44F8-9B07-BAFDE65F25D1} = {14D39D1F-344B-4036-BA84-68ABD6311A9D}
		{D2714B1C-703E-4059-9FDE-BD5AC8717C75} = {14D39D1F-344B-4036-BA84-68ABD6311A9D}
		{1A7BCB9F-5DD2-4C16-9969-88C31720865F} = {5AB8B533-FFEF-4523-B3F7-9F08D97BBAE6}
		{2DEF9F9D-DED2-4572-881D-6E018AEE957F} = {5AB8B533-FFEF-4523-B3F7-9F08D97BBAE6}
		{527BB23D-A674-4147-B58D-DCC894737140} = {5AB8B533-FFEF-4523-B3F7-9F08D97BBAE6}
		{22245733-2B6B-4BA6-B10B-016061B21DF1} = {106DDD7C-B6BA-44F8-9B07-BAFDE65F25D1}
		{531E8C46-6FA1-4B25-AF6F-10BB9FF7326D} = {106DDD7C-B6BA-44F8-9B07-BAFDE65F25D1}
		{765D49C5-D157-4482-9E42-CE93D83F9AD1} = {106DDD7C-B6BA-44F8-9B07-BAFDE65F25D1}
		{C646B987-EA7E-4D82-A930-448DE583FEB3} = {D2714B1C-703E-4059-9FDE-BD5AC8717C75}
		{59E2469C-197F-4A4C-9D52-AA58EA49927E} = {D2714B1C-703E-4059-9FDE-BD5AC8717C75}
		{6FA77B7F-E933-4B25-AC4C-99E343B35AC8} = {D2714B1C-703E-4059-9FDE-BD5AC8717C75}
	EndGlobalSection
EndGlobal
